
Microsoft Visual Studio Solution File, Format Version 12.00
# Visual Studio Version 17
VisualStudioVersion = 17.8.34330.188
MinimumVisualStudioVersion = 10.0.40219.1
Project("{2150E333-8FDC-42A3-9474-1A3956D46DE8}") = "src", "src", "{BF65F94F-2FF1-41DE-8447-49A2C8952BA4}"
EndProject
Project("{2150E333-8FDC-42A3-9474-1A3956D46DE8}") = "FlashCard", "FlashCard", "{82680ED8-12C3-418F-8293-A1F060E3E3B7}"
EndProject
Project("{9A19103F-16F7-4668-BE54-9A1E7A4F7556}") = "FlashCard.Host", "src\FlashCard\FlashCardHost\FlashCard.Host.csproj", "{93BC7933-3DDB-46ED-86AE-8DE310426A69}"
EndProject
Project("{E53339B2-1760-4266-BCC7-CA923CBCF16C}") = "docker-compose", "docker-compose.dcproj", "{6CDCB860-957B-462D-8DCE-D82DBCF2D86D}"
EndProject
Global
	GlobalSection(SolutionConfigurationPlatforms) = preSolution
		Debug|Any CPU = Debug|Any CPU
		Release|Any CPU = Release|Any CPU
	EndGlobalSection
	GlobalSection(ProjectConfigurationPlatforms) = postSolution
		{93BC7933-3DDB-46ED-86AE-8DE310426A69}.Debug|Any CPU.ActiveCfg = Debug|Any CPU
		{93BC7933-3DDB-46ED-86AE-8DE310426A69}.Debug|Any CPU.Build.0 = Debug|Any CPU
		{93BC7933-3DDB-46ED-86AE-8DE310426A69}.Release|Any CPU.ActiveCfg = Release|Any CPU
		{93BC7933-3DDB-46ED-86AE-8DE310426A69}.Release|Any CPU.Build.0 = Release|Any CPU
		{6CDCB860-957B-462D-8DCE-D82DBCF2D86D}.Debug|Any CPU.ActiveCfg = Debug|Any CPU
		{6CDCB860-957B-462D-8DCE-D82DBCF2D86D}.Debug|Any CPU.Build.0 = Debug|Any CPU
		{6CDCB860-957B-462D-8DCE-D82DBCF2D86D}.Release|Any CPU.ActiveCfg = Release|Any CPU
		{6CDCB860-957B-462D-8DCE-D82DBCF2D86D}.Release|Any CPU.Build.0 = Release|Any CPU
	EndGlobalSection
	GlobalSection(SolutionProperties) = preSolution
		HideSolutionNode = FALSE
	EndGlobalSection
	GlobalSection(NestedProjects) = preSolution
		{82680ED8-12C3-418F-8293-A1F060E3E3B7} = {BF65F94F-2FF1-41DE-8447-49A2C8952BA4}
		{93BC7933-3DDB-46ED-86AE-8DE310426A69} = {82680ED8-12C3-418F-8293-A1F060E3E3B7}
	EndGlobalSection
	GlobalSection(ExtensibilityGlobals) = postSolution
		SolutionGuid = {94E3176C-718C-4458-94F0-A041C1A10B9C}
	EndGlobalSection
EndGlobal
